
Microsoft Visual Studio Solution File, Format Version 12.00
# Visual Studio Version 17
VisualStudioVersion = 17.10.34916.146
MinimumVisualStudioVersion = 10.0.40219.1
Project("{2150E333-8FDC-42A3-9474-1A3956D46DE8}") = "Services", "Services", "{132BEAD7-969F-4F42-9E0C-B34806F8C356}"
EndProject
Project("{2150E333-8FDC-42A3-9474-1A3956D46DE8}") = "Catalog", "Catalog", "{0FAF556E-F9DE-4ADA-A1DC-31F1CEB0D19D}"
EndProject
Project("{9A19103F-16F7-4668-BE54-9A1E7A4F7556}") = "MultiShop.Catalog", "Services\Catalog\MultiShop.Catalog\MultiShop.Catalog.csproj", "{91CEB037-C6F7-4653-A1EF-D3B46521F15C}"
EndProject
Project("{2150E333-8FDC-42A3-9474-1A3956D46DE8}") = "Discount", "Discount", "{213EDA4B-B372-484A-89B5-C20762F4EBB9}"
EndProject
Project("{9A19103F-16F7-4668-BE54-9A1E7A4F7556}") = "MultiShop.Discount", "Services\Discount\MultiShop.Discount\MultiShop.Discount.csproj", "{BBD87A23-37F4-459D-9B1C-C2177D0EC7CE}"
EndProject
Project("{2150E333-8FDC-42A3-9474-1A3956D46DE8}") = "Order", "Order", "{2D774E45-81A4-460F-A263-C99A8CEB53C7}"
EndProject
Project("{2150E333-8FDC-42A3-9474-1A3956D46DE8}") = "Presentation", "Presentation", "{1EEF29EA-4BB3-4527-BBC3-6D62435409F2}"
EndProject
Project("{2150E333-8FDC-42A3-9474-1A3956D46DE8}") = "Infrastructure", "Infrastructure", "{8198DB03-91E5-40C1-A6D7-82F9531F1013}"
EndProject
Project("{2150E333-8FDC-42A3-9474-1A3956D46DE8}") = "Core", "Core", "{5251EAB1-14DB-4337-AADD-C5C5E54F3122}"
EndProject
Project("{FAE04EC0-301F-11D3-BF4B-00C04F79EFBC}") = "MultiShop.Order.Domain", "Services\Order\Core\MultiShop.Order.Domain\MultiShop.Order.Domain.csproj", "{33472F16-A55A-4EAB-842D-73EDE2DCD915}"
EndProject
Project("{FAE04EC0-301F-11D3-BF4B-00C04F79EFBC}") = "MultiShop.Order.Application", "Services\Order\Core\MultiShop.Order.Application\MultiShop.Order.Application.csproj", "{039B2056-E371-4F5A-99F8-BFAEFC02E251}"
EndProject
Project("{FAE04EC0-301F-11D3-BF4B-00C04F79EFBC}") = "MultiShop.Order.Persistence", "Services\Order\Infrastructure\MultiShop.Order.Persistence\MultiShop.Order.Persistence.csproj", "{D2CF393C-122C-4980-9CDA-C5DC7C9C7948}"
EndProject
Project("{FAE04EC0-301F-11D3-BF4B-00C04F79EFBC}") = "MultiShop.Order.WebApi", "Services\Order\Presentation\MultiShop.Order.WebApi\MultiShop.Order.WebApi.csproj", "{5F70551F-FF8E-4004-B044-895118F1D972}"
EndProject
Global
	GlobalSection(SolutionConfigurationPlatforms) = preSolution
		Debug|Any CPU = Debug|Any CPU
		Release|Any CPU = Release|Any CPU
	EndGlobalSection
	GlobalSection(ProjectConfigurationPlatforms) = postSolution
		{91CEB037-C6F7-4653-A1EF-D3B46521F15C}.Debug|Any CPU.ActiveCfg = Debug|Any CPU
		{91CEB037-C6F7-4653-A1EF-D3B46521F15C}.Debug|Any CPU.Build.0 = Debug|Any CPU
		{91CEB037-C6F7-4653-A1EF-D3B46521F15C}.Release|Any CPU.ActiveCfg = Release|Any CPU
		{91CEB037-C6F7-4653-A1EF-D3B46521F15C}.Release|Any CPU.Build.0 = Release|Any CPU
		{BBD87A23-37F4-459D-9B1C-C2177D0EC7CE}.Debug|Any CPU.ActiveCfg = Debug|Any CPU
		{BBD87A23-37F4-459D-9B1C-C2177D0EC7CE}.Debug|Any CPU.Build.0 = Debug|Any CPU
		{BBD87A23-37F4-459D-9B1C-C2177D0EC7CE}.Release|Any CPU.ActiveCfg = Release|Any CPU
		{BBD87A23-37F4-459D-9B1C-C2177D0EC7CE}.Release|Any CPU.Build.0 = Release|Any CPU
		{33472F16-A55A-4EAB-842D-73EDE2DCD915}.Debug|Any CPU.ActiveCfg = Debug|Any CPU
		{33472F16-A55A-4EAB-842D-73EDE2DCD915}.Debug|Any CPU.Build.0 = Debug|Any CPU
		{33472F16-A55A-4EAB-842D-73EDE2DCD915}.Release|Any CPU.ActiveCfg = Release|Any CPU
		{33472F16-A55A-4EAB-842D-73EDE2DCD915}.Release|Any CPU.Build.0 = Release|Any CPU
		{039B2056-E371-4F5A-99F8-BFAEFC02E251}.Debug|Any CPU.ActiveCfg = Debug|Any CPU
		{039B2056-E371-4F5A-99F8-BFAEFC02E251}.Debug|Any CPU.Build.0 = Debug|Any CPU
		{039B2056-E371-4F5A-99F8-BFAEFC02E251}.Release|Any CPU.ActiveCfg = Release|Any CPU
		{039B2056-E371-4F5A-99F8-BFAEFC02E251}.Release|Any CPU.Build.0 = Release|Any CPU
		{D2CF393C-122C-4980-9CDA-C5DC7C9C7948}.Debug|Any CPU.ActiveCfg = Debug|Any CPU
		{D2CF393C-122C-4980-9CDA-C5DC7C9C7948}.Debug|Any CPU.Build.0 = Debug|Any CPU
		{D2CF393C-122C-4980-9CDA-C5DC7C9C7948}.Release|Any CPU.ActiveCfg = Release|Any CPU
		{D2CF393C-122C-4980-9CDA-C5DC7C9C7948}.Release|Any CPU.Build.0 = Release|Any CPU
		{5F70551F-FF8E-4004-B044-895118F1D972}.Debug|Any CPU.ActiveCfg = Debug|Any CPU
		{5F70551F-FF8E-4004-B044-895118F1D972}.Debug|Any CPU.Build.0 = Debug|Any CPU
		{5F70551F-FF8E-4004-B044-895118F1D972}.Release|Any CPU.ActiveCfg = Release|Any CPU
		{5F70551F-FF8E-4004-B044-895118F1D972}.Release|Any CPU.Build.0 = Release|Any CPU
	EndGlobalSection
	GlobalSection(SolutionProperties) = preSolution
		HideSolutionNode = FALSE
	EndGlobalSection
	GlobalSection(NestedProjects) = preSolution
		{0FAF556E-F9DE-4ADA-A1DC-31F1CEB0D19D} = {132BEAD7-969F-4F42-9E0C-B34806F8C356}
		{91CEB037-C6F7-4653-A1EF-D3B46521F15C} = {0FAF556E-F9DE-4ADA-A1DC-31F1CEB0D19D}
		{213EDA4B-B372-484A-89B5-C20762F4EBB9} = {132BEAD7-969F-4F42-9E0C-B34806F8C356}
		{BBD87A23-37F4-459D-9B1C-C2177D0EC7CE} = {213EDA4B-B372-484A-89B5-C20762F4EBB9}
		{2D774E45-81A4-460F-A263-C99A8CEB53C7} = {132BEAD7-969F-4F42-9E0C-B34806F8C356}
		{1EEF29EA-4BB3-4527-BBC3-6D62435409F2} = {2D774E45-81A4-460F-A263-C99A8CEB53C7}
		{8198DB03-91E5-40C1-A6D7-82F9531F1013} = {2D774E45-81A4-460F-A263-C99A8CEB53C7}
		{5251EAB1-14DB-4337-AADD-C5C5E54F3122} = {2D774E45-81A4-460F-A263-C99A8CEB53C7}
		{33472F16-A55A-4EAB-842D-73EDE2DCD915} = {5251EAB1-14DB-4337-AADD-C5C5E54F3122}
		{039B2056-E371-4F5A-99F8-BFAEFC02E251} = {5251EAB1-14DB-4337-AADD-C5C5E54F3122}
		{D2CF393C-122C-4980-9CDA-C5DC7C9C7948} = {8198DB03-91E5-40C1-A6D7-82F9531F1013}
		{5F70551F-FF8E-4004-B044-895118F1D972} = {1EEF29EA-4BB3-4527-BBC3-6D62435409F2}
	EndGlobalSection
	GlobalSection(ExtensibilityGlobals) = postSolution
		SolutionGuid = {07907632-698A-4421-BEB9-C04160773FB3}
	EndGlobalSection
EndGlobal
